
Microsoft Visual Studio Solution File, Format Version 12.00
# Visual Studio Version 17
VisualStudioVersion = 17.10.35027.167
MinimumVisualStudioVersion = 10.0.40219.1
Project("{9A19103F-16F7-4668-BE54-9A1E7A4F7556}") = "KeepItFit - Project WinUI", "KeepItFit - Project WinUI\KeepItFit - Project WinUI.csproj", "{CA0D8D87-5059-4ECC-A836-EE38C1C1BC8E}"
EndProject
Global
	GlobalSection(SolutionConfigurationPlatforms) = preSolution
		Debug|ARM64 = Debug|ARM64
		Debug|x64 = Debug|x64
		Debug|x86 = Debug|x86
		Release|ARM64 = Release|ARM64
		Release|x64 = Release|x64
		Release|x86 = Release|x86
	EndGlobalSection
	GlobalSection(ProjectConfigurationPlatforms) = postSolution
		{CA0D8D87-5059-4ECC-A836-EE38C1C1BC8E}.Debug|ARM64.ActiveCfg = Debug|ARM64
		{CA0D8D87-5059-4ECC-A836-EE38C1C1BC8E}.Debug|ARM64.Build.0 = Debug|ARM64
		{CA0D8D87-5059-4ECC-A836-EE38C1C1BC8E}.Debug|ARM64.Deploy.0 = Debug|ARM64
		{CA0D8D87-5059-4ECC-A836-EE38C1C1BC8E}.Debug|x64.ActiveCfg = Debug|x64
		{CA0D8D87-5059-4ECC-A836-EE38C1C1BC8E}.Debug|x64.Build.0 = Debug|x64
		{CA0D8D87-5059-4ECC-A836-EE38C1C1BC8E}.Debug|x64.Deploy.0 = Debug|x64
		{CA0D8D87-5059-4ECC-A836-EE38C1C1BC8E}.Debug|x86.ActiveCfg = Debug|x86
		{CA0D8D87-5059-4ECC-A836-EE38C1C1BC8E}.Debug|x86.Build.0 = Debug|x86
		{CA0D8D87-5059-4ECC-A836-EE38C1C1BC8E}.Debug|x86.Deploy.0 = Debug|x86
		{CA0D8D87-5059-4ECC-A836-EE38C1C1BC8E}.Release|ARM64.ActiveCfg = Release|ARM64
		{CA0D8D87-5059-4ECC-A836-EE38C1C1BC8E}.Release|ARM64.Build.0 = Release|ARM64
		{CA0D8D87-5059-4ECC-A836-EE38C1C1BC8E}.Release|ARM64.Deploy.0 = Release|ARM64
		{CA0D8D87-5059-4ECC-A836-EE38C1C1BC8E}.Release|x64.ActiveCfg = Release|x64
		{CA0D8D87-5059-4ECC-A836-EE38C1C1BC8E}.Release|x64.Build.0 = Release|x64
		{CA0D8D87-5059-4ECC-A836-EE38C1C1BC8E}.Release|x64.Deploy.0 = Release|x64
		{CA0D8D87-5059-4ECC-A836-EE38C1C1BC8E}.Release|x86.ActiveCfg = Release|x86
		{CA0D8D87-5059-4ECC-A836-EE38C1C1BC8E}.Release|x86.Build.0 = Release|x86
		{CA0D8D87-5059-4ECC-A836-EE38C1C1BC8E}.Release|x86.Deploy.0 = Release|x86
	EndGlobalSection
	GlobalSection(SolutionProperties) = preSolution
		HideSolutionNode = FALSE
	EndGlobalSection
	GlobalSection(ExtensibilityGlobals) = postSolution
		SolutionGuid = {63E7CD7B-790F-4056-A75D-BCCB9A682665}
	EndGlobalSection
EndGlobal
